
Microsoft Visual Studio Solution File, Format Version 12.00
# Visual Studio Version 17
VisualStudioVersion = 17.3.32929.385
MinimumVisualStudioVersion = 10.0.40219.1
Project("{FAE04EC0-301F-11D3-BF4B-00C04F79EFBC}") = "DemoExample", "DemoExample.csproj", "{4A00AE29-7545-46E2-AD3F-E28ED75DAE72}"
EndProject
Global
	GlobalSection(SolutionConfigurationPlatforms) = preSolution
		Debug|Any CPU = Debug|Any CPU
		Release|Any CPU = Release|Any CPU
	EndGlobalSection
	GlobalSection(ProjectConfigurationPlatforms) = postSolution
		{4A00AE29-7545-46E2-AD3F-E28ED75DAE72}.Debug|Any CPU.ActiveCfg = Debug|Any CPU
		{4A00AE29-7545-46E2-AD3F-E28ED75DAE72}.Debug|Any CPU.Build.0 = Debug|Any CPU
		{4A00AE29-7545-46E2-AD3F-E28ED75DAE72}.Release|Any CPU.ActiveCfg = Release|Any CPU
		{4A00AE29-7545-46E2-AD3F-E28ED75DAE72}.Release|Any CPU.Build.0 = Release|Any CPU
	EndGlobalSection
	GlobalSection(SolutionProperties) = preSolution
		HideSolutionNode = FALSE
	EndGlobalSection
	GlobalSection(ExtensibilityGlobals) = postSolution
		SolutionGuid = {0B480840-4771-4493-A6C1-ACF88510BE3E}
	EndGlobalSection
EndGlobal
